
Microsoft Visual Studio Solution File, Format Version 12.00
# Visual Studio Version 16
VisualStudioVersion = 16.0.28902.138
MinimumVisualStudioVersion = 10.0.40219.1
Project("{9A19103F-16F7-4668-BE54-9A1E7A4F7556}") = "emperor_mvc", "emperor_mvc.csproj", "{9C8A3C73-275A-4D43-9409-384F8B335383}"
EndProject
Global
	GlobalSection(SolutionConfigurationPlatforms) = preSolution
		Debug|Any CPU = Debug|Any CPU
		Release|Any CPU = Release|Any CPU
	EndGlobalSection
	GlobalSection(ProjectConfigurationPlatforms) = postSolution
		{9C8A3C73-275A-4D43-9409-384F8B335383}.Debug|Any CPU.ActiveCfg = Debug|Any CPU
		{9C8A3C73-275A-4D43-9409-384F8B335383}.Debug|Any CPU.Build.0 = Debug|Any CPU
		{9C8A3C73-275A-4D43-9409-384F8B335383}.Release|Any CPU.ActiveCfg = Release|Any CPU
		{9C8A3C73-275A-4D43-9409-384F8B335383}.Release|Any CPU.Build.0 = Release|Any CPU
	EndGlobalSection
	GlobalSection(SolutionProperties) = preSolution
		HideSolutionNode = FALSE
	EndGlobalSection
	GlobalSection(ExtensibilityGlobals) = postSolution
		SolutionGuid = {E1E316C6-462D-4E0A-A4C1-A32A8C443036}
	EndGlobalSection
EndGlobal
